
Microsoft Visual Studio Solution File, Format Version 12.00
# Visual Studio Version 17
VisualStudioVersion = 17.6.33829.357
MinimumVisualStudioVersion = 10.0.40219.1
Project("{FAE04EC0-301F-11D3-BF4B-00C04F79EFBC}") = "hotel-reservation-system", "hotel-reservation-system.csproj", "{89446D09-8A6D-4267-8425-77C6C8EE0307}"
EndProject
Global
	GlobalSection(SolutionConfigurationPlatforms) = preSolution
		Debug|Any CPU = Debug|Any CPU
		Release|Any CPU = Release|Any CPU
	EndGlobalSection
	GlobalSection(ProjectConfigurationPlatforms) = postSolution
		{89446D09-8A6D-4267-8425-77C6C8EE0307}.Debug|Any CPU.ActiveCfg = Debug|Any CPU
		{89446D09-8A6D-4267-8425-77C6C8EE0307}.Debug|Any CPU.Build.0 = Debug|Any CPU
		{89446D09-8A6D-4267-8425-77C6C8EE0307}.Release|Any CPU.ActiveCfg = Release|Any CPU
		{89446D09-8A6D-4267-8425-77C6C8EE0307}.Release|Any CPU.Build.0 = Release|Any CPU
	EndGlobalSection
	GlobalSection(SolutionProperties) = preSolution
		HideSolutionNode = FALSE
	EndGlobalSection
	GlobalSection(ExtensibilityGlobals) = postSolution
		SolutionGuid = {0D6F7269-1DD7-467A-A739-92575CE36FAF}
	EndGlobalSection
EndGlobal
